
Microsoft Visual Studio Solution File, Format Version 12.00
# Visual Studio Version 17
VisualStudioVersion = 17.0.31611.283
MinimumVisualStudioVersion = 10.0.40219.1
Project("{9A19103F-16F7-4668-BE54-9A1E7A4F7556}") = "SB_MAUI", "SB_MAUI.csproj", "{686777A9-D695-4303-A42B-B33050E91FAD}"
EndProject
Project("{FAE04EC0-301F-11D3-BF4B-00C04F79EFBC}") = "Blazor_SB_Leaderboard", "..\Blazor_SB_Leaderboard\Blazor_SB_Leaderboard.csproj", "{6EF45872-5E7C-4882-9886-72D7C762B663}"
EndProject
Global
	GlobalSection(SolutionConfigurationPlatforms) = preSolution
		Debug|Any CPU = Debug|Any CPU
		Release|Any CPU = Release|Any CPU
	EndGlobalSection
	GlobalSection(ProjectConfigurationPlatforms) = postSolution
		{686777A9-D695-4303-A42B-B33050E91FAD}.Debug|Any CPU.ActiveCfg = Debug|Any CPU
		{686777A9-D695-4303-A42B-B33050E91FAD}.Debug|Any CPU.Build.0 = Debug|Any CPU
		{686777A9-D695-4303-A42B-B33050E91FAD}.Debug|Any CPU.Deploy.0 = Debug|Any CPU
		{686777A9-D695-4303-A42B-B33050E91FAD}.Release|Any CPU.ActiveCfg = Release|Any CPU
		{686777A9-D695-4303-A42B-B33050E91FAD}.Release|Any CPU.Build.0 = Release|Any CPU
		{686777A9-D695-4303-A42B-B33050E91FAD}.Release|Any CPU.Deploy.0 = Release|Any CPU
		{6EF45872-5E7C-4882-9886-72D7C762B663}.Debug|Any CPU.ActiveCfg = Debug|Any CPU
		{6EF45872-5E7C-4882-9886-72D7C762B663}.Debug|Any CPU.Build.0 = Debug|Any CPU
		{6EF45872-5E7C-4882-9886-72D7C762B663}.Release|Any CPU.ActiveCfg = Release|Any CPU
		{6EF45872-5E7C-4882-9886-72D7C762B663}.Release|Any CPU.Build.0 = Release|Any CPU
	EndGlobalSection
	GlobalSection(SolutionProperties) = preSolution
		HideSolutionNode = FALSE
	EndGlobalSection
	GlobalSection(ExtensibilityGlobals) = postSolution
		SolutionGuid = {61F7FB11-1E47-470C-91E2-47F8143E1572}
	EndGlobalSection
EndGlobal
